// !$*UTF8*$!
{
	archiveVersion = 1;
	classes = {
	};
	objectVersion = 46;
	objects = {

/* Begin PBXBuildFile section */
		BCF61F40165FD8C700C27FCC /* Foundation.framework in Frameworks */ = {isa = PBXBuildFile; fileRef = BCF61F3F165FD8C700C27FCC /* Foundation.framework */; };
		BCF61F43165FD8C700C27FCC /* main.m in Sources */ = {isa = PBXBuildFile; fileRef = BCF61F42165FD8C700C27FCC /* main.m */; };
		BCF61F47165FD8C700C27FCC /* basic_data_types.1 in CopyFiles */ = {isa = PBXBuildFile; fileRef = BCF61F46165FD8C700C27FCC /* basic_data_types.1 */; };
/* End PBXBuildFile section */

/* Begin PBXCopyFilesBuildPhase section */
		BCF61F39165FD8C700C27FCC /* CopyFiles */ = {
			isa = PBXCopyFilesBuildPhase;
			buildActionMask = 2147483647;
			dstPath = /usr/share/man/man1/;
			dstSubfolderSpec = 0;
			files = (
				BCF61F47165FD8C700C27FCC /* basic_data_types.1 in CopyFiles */,
			);
			runOnlyForDeploymentPostprocessing = 1;
		};
/* End PBXCopyFilesBuildPhase section */

/* Begin PBXFileReference section */
		BCF61F3B165FD8C700C27FCC /* basic_data_types */ = {isa = PBXFileReference; explicitFileType = "compiled.mach-o.executable"; includeInIndex = 0; path = basic_data_types; sourceTree = BUILT_PRODUCTS_DIR; };
		BCF61F3F165FD8C700C27FCC /* Foundation.framework */ = {isa = PBXFileReference; lastKnownFileType = wrapper.framework; name = Foundation.framework; path = System/Library/Frameworks/Foundation.framework; sourceTree = SDKROOT; };
		BCF61F42165FD8C700C27FCC /* main.m */ = {isa = PBXFileReference; lastKnownFileType = sourcecode.c.objc; path = main.m; sourceTree = "<group>"; };
		BCF61F45165FD8C700C27FCC /* basic_data_types-Prefix.pch */ = {isa = PBXFileReference; lastKnownFileType = sourcecode.c.h; path = "basic_data_types-Prefix.pch"; sourceTree = "<group>"; };
		BCF61F46165FD8C700C27FCC /* basic_data_types.1 */ = {isa = PBXFileReference; lastKnownFileType = text.man; path = basic_data_types.1; sourceTree = "<group>"; };
/* End PBXFileReference section */

/* Begin PBXFrameworksBuildPhase section */
		BCF61F38165FD8C700C27FCC /* Frameworks */ = {
			isa = PBXFrameworksBuildPhase;
			buildActionMask = 2147483647;
			files = (
				BCF61F40165FD8C700C27FCC /* Foundation.framework in Frameworks */,
			);
			runOnlyForDeploymentPostprocessing = 0;
		};
/* End PBXFrameworksBuildPhase section */

/* Begin PBXGroup section */
		BCF61F30165FD8C700C27FCC = {
			isa = PBXGroup;
			children = (
				BCF61F41165FD8C700C27FCC /* basic_data_types */,
				BCF61F3E165FD8C700C27FCC /* Frameworks */,
				BCF61F3C165FD8C700C27FCC /* Products */,
			);
			sourceTree = "<group>";
		};
		BCF61F3C165FD8C700C27FCC /* Products */ = {
			isa = PBXGroup;
			children = (
				BCF61F3B165FD8C700C27FCC /* basic_data_types */,
			);
			name = Products;
			sourceTree = "<group>";
		};
		BCF61F3E165FD8C700C27FCC /* Frameworks */ = {
			isa = PBXGroup;
			children = (
				BCF61F3F165FD8C700C27FCC /* Foundation.framework */,
			);
			name = Frameworks;
			sourceTree = "<group>";
		};
		BCF61F41165FD8C700C27FCC /* basic_data_types */ = {
			isa = PBXGroup;
			children = (
				BCF61F42165FD8C700C27FCC /* main.m */,
				BCF61F46165FD8C700C27FCC /* basic_data_types.1 */,
				BCF61F44165FD8C700C27FCC /* Supporting Files */,
			);
			path = basic_data_types;
			sourceTree = "<group>";
		};
		BCF61F44165FD8C700C27FCC /* Supporting Files */ = {
			isa = PBXGroup;
			children = (
				BCF61F45165FD8C700C27FCC /* basic_data_types-Prefix.pch */,
			);
			name = "Supporting Files";
			sourceTree = "<group>";
		};
/* End PBXGroup section */

/* Begin PBXNativeTarget section */
		BCF61F3A165FD8C700C27FCC /* basic_data_types */ = {
			isa = PBXNativeTarget;
			buildConfigurationList = BCF61F4A165FD8C700C27FCC /* Build configuration list for PBXNativeTarget "basic_data_types" */;
			buildPhases = (
				BCF61F37165FD8C700C27FCC /* Sources */,
				BCF61F38165FD8C700C27FCC /* Frameworks */,
				BCF61F39165FD8C700C27FCC /* CopyFiles */,
			);
			buildRules = (
			);
			dependencies = (
			);
			name = basic_data_types;
			productName = basic_data_types;
			productReference = BCF61F3B165FD8C700C27FCC /* basic_data_types */;
			productType = "com.apple.product-type.tool";
		};
/* End PBXNativeTarget section */

/* Begin PBXProject section */
		BCF61F32165FD8C700C27FCC /* Project object */ = {
			isa = PBXProject;
			attributes = {
				LastUpgradeCheck = 0450;
				ORGANIZATIONNAME = "Yerlan Kussainov";
			};
			buildConfigurationList = BCF61F35165FD8C700C27FCC /* Build configuration list for PBXProject "basic_data_types" */;
			compatibilityVersion = "Xcode 3.2";
			developmentRegion = English;
			hasScannedForEncodings = 0;
			knownRegions = (
				en,
			);
			mainGroup = BCF61F30165FD8C700C27FCC;
			productRefGroup = BCF61F3C165FD8C700C27FCC /* Products */;
			projectDirPath = "";
			projectRoot = "";
			targets = (
				BCF61F3A165FD8C700C27FCC /* basic_data_types */,
			);
		};
/* End PBXProject section */

/* Begin PBXSourcesBuildPhase section */
		BCF61F37165FD8C700C27FCC /* Sources */ = {
			isa = PBXSourcesBuildPhase;
			buildActionMask = 2147483647;
			files = (
				BCF61F43165FD8C700C27FCC /* main.m in Sources */,
			);
			runOnlyForDeploymentPostprocessing = 0;
		};
/* End PBXSourcesBuildPhase section */

/* Begin XCBuildConfiguration section */
		BCF61F48165FD8C700C27FCC /* Debug */ = {
			isa = XCBuildConfiguration;
			buildSettings = {
				ALWAYS_SEARCH_USER_PATHS = NO;
				ARCHS = "$(ARCHS_STANDARD_64_BIT)";
				CLANG_CXX_LANGUAGE_STANDARD = "gnu++0x";
				CLANG_CXX_LIBRARY = "libc++";
				CLANG_ENABLE_OBJC_ARC = YES;
				CLANG_WARN_EMPTY_BODY = YES;
				CLANG_WARN__DUPLICATE_METHOD_MATCH = YES;
				COPY_PHASE_STRIP = NO;
				GCC_C_LANGUAGE_STANDARD = gnu99;
				GCC_DYNAMIC_NO_PIC = NO;
				GCC_ENABLE_OBJC_EXCEPTIONS = YES;
				GCC_OPTIMIZATION_LEVEL = 0;
				GCC_PREPROCESSOR_DEFINITIONS = (
					"DEBUG=1",
					"$(inherited)",
				);
				GCC_SYMBOLS_PRIVATE_EXTERN = NO;
				GCC_WARN_64_TO_32_BIT_CONVERSION = YES;
				GCC_WARN_ABOUT_RETURN_TYPE = YES;
				GCC_WARN_UNINITIALIZED_AUTOS = YES;
				GCC_WARN_UNUSED_VARIABLE = YES;
				MACOSX_DEPLOYMENT_TARGET = 10.8;
				ONLY_ACTIVE_ARCH = YES;
				SDKROOT = macosx;
			};
			name = Debug;
		};
		BCF61F49165FD8C700C27FCC /* Release */ = {
			isa = XCBuildConfiguration;
			buildSettings = {
				ALWAYS_SEARCH_USER_PATHS = NO;
				ARCHS = "$(ARCHS_STANDARD_64_BIT)";
				CLANG_CXX_LANGUAGE_STANDARD = "gnu++0x";
				CLANG_CXX_LIBRARY = "libc++";
				CLANG_ENABLE_OBJC_ARC = YES;
				CLANG_WARN_EMPTY_BODY = YES;
				CLANG_WARN__DUPLICATE_METHOD_MATCH = YES;
				COPY_PHASE_STRIP = YES;
				DEBUG_INFORMATION_FORMAT = "dwarf-with-dsym";
				GCC_C_LANGUAGE_STANDARD = gnu99;
				GCC_ENABLE_OBJC_EXCEPTIONS = YES;
				GCC_WARN_64_TO_32_BIT_CONVERSION = YES;
				GCC_WARN_ABOUT_RETURN_TYPE = YES;
				GCC_WARN_UNINITIALIZED_AUTOS = YES;
				GCC_WARN_UNUSED_VARIABLE = YES;
				MACOSX_DEPLOYMENT_TARGET = 10.8;
				SDKROOT = macosx;
			};
			name = Release;
		};
		BCF61F4B165FD8C700C27FCC /* Debug */ = {
			isa = XCBuildConfiguration;
			buildSettings = {
				GCC_PRECOMPILE_PREFIX_HEADER = YES;
				GCC_PREFIX_HEADER = "basic_data_types/basic_data_types-Prefix.pch";
				PRODUCT_NAME = "$(TARGET_NAME)";
			};
			name = Debug;
		};
		BCF61F4C165FD8C700C27FCC /* Release */ = {
			isa = XCBuildConfiguration;
			buildSettings = {
				GCC_PRECOMPILE_PREFIX_HEADER = YES;
				GCC_PREFIX_HEADER = "basic_data_types/basic_data_types-Prefix.pch";
				PRODUCT_NAME = "$(TARGET_NAME)";
			};
			name = Release;
		};
/* End XCBuildConfiguration section */

/* Begin XCConfigurationList section */
		BCF61F35165FD8C700C27FCC /* Build configuration list for PBXProject "basic_data_types" */ = {
			isa = XCConfigurationList;
			buildConfigurations = (
				BCF61F48165FD8C700C27FCC /* Debug */,
				BCF61F49165FD8C700C27FCC /* Release */,
			);
			defaultConfigurationIsVisible = 0;
			defaultConfigurationName = Release;
		};
		BCF61F4A165FD8C700C27FCC /* Build configuration list for PBXNativeTarget "basic_data_types" */ = {
			isa = XCConfigurationList;
			buildConfigurations = (
				BCF61F4B165FD8C700C27FCC /* Debug */,
				BCF61F4C165FD8C700C27FCC /* Release */,
			);
			defaultConfigurationIsVisible = 0;
		};
/* End XCConfigurationList section */
	};
	rootObject = BCF61F32165FD8C700C27FCC /* Project object */;
}
